
Microsoft Visual Studio Solution File, Format Version 12.00
# Visual Studio Version 17
VisualStudioVersion = 17.14.36408.4 d17.14
MinimumVisualStudioVersion = 10.0.40219.1
Project("{FAE04EC0-301F-11D3-BF4B-00C04F79EFBC}") = "tp-winform-equipo-3b", "tp-winform-equipo-3b\tp-winform-equipo-3b.csproj", "{DDF4BAF3-9A3B-43ED-9515-2D078D48DACB}"
EndProject
Project("{FAE04EC0-301F-11D3-BF4B-00C04F79EFBC}") = "Dominio", "Dominio\Dominio.csproj", "{0AFFEFD1-F9BD-4383-8A1E-79DBBD4CE5C6}"
EndProject
Project("{FAE04EC0-301F-11D3-BF4B-00C04F79EFBC}") = "SQL", "SQL\SQL.csproj", "{2D994744-27DF-4DA2-930F-AE881F9E4E48}"
EndProject
Global
	GlobalSection(SolutionConfigurationPlatforms) = preSolution
		Debug|Any CPU = Debug|Any CPU
		Release|Any CPU = Release|Any CPU
	EndGlobalSection
	GlobalSection(ProjectConfigurationPlatforms) = postSolution
		{DDF4BAF3-9A3B-43ED-9515-2D078D48DACB}.Debug|Any CPU.ActiveCfg = Debug|Any CPU
		{DDF4BAF3-9A3B-43ED-9515-2D078D48DACB}.Debug|Any CPU.Build.0 = Debug|Any CPU
		{DDF4BAF3-9A3B-43ED-9515-2D078D48DACB}.Release|Any CPU.ActiveCfg = Release|Any CPU
		{DDF4BAF3-9A3B-43ED-9515-2D078D48DACB}.Release|Any CPU.Build.0 = Release|Any CPU
		{0AFFEFD1-F9BD-4383-8A1E-79DBBD4CE5C6}.Debug|Any CPU.ActiveCfg = Debug|Any CPU
		{0AFFEFD1-F9BD-4383-8A1E-79DBBD4CE5C6}.Debug|Any CPU.Build.0 = Debug|Any CPU
		{0AFFEFD1-F9BD-4383-8A1E-79DBBD4CE5C6}.Release|Any CPU.ActiveCfg = Release|Any CPU
		{0AFFEFD1-F9BD-4383-8A1E-79DBBD4CE5C6}.Release|Any CPU.Build.0 = Release|Any CPU
		{2D994744-27DF-4DA2-930F-AE881F9E4E48}.Debug|Any CPU.ActiveCfg = Debug|Any CPU
		{2D994744-27DF-4DA2-930F-AE881F9E4E48}.Debug|Any CPU.Build.0 = Debug|Any CPU
		{2D994744-27DF-4DA2-930F-AE881F9E4E48}.Release|Any CPU.ActiveCfg = Release|Any CPU
		{2D994744-27DF-4DA2-930F-AE881F9E4E48}.Release|Any CPU.Build.0 = Release|Any CPU
	EndGlobalSection
	GlobalSection(SolutionProperties) = preSolution
		HideSolutionNode = FALSE
	EndGlobalSection
	GlobalSection(ExtensibilityGlobals) = postSolution
		SolutionGuid = {3C1FBFA7-00E3-48B8-999F-8993F6FD68D7}
	EndGlobalSection
EndGlobal
